
Microsoft Visual Studio Solution File, Format Version 12.00
# Visual Studio Version 17
VisualStudioVersion = 17.10.35013.160
MinimumVisualStudioVersion = 10.0.40219.1
Project("{FAE04EC0-301F-11D3-BF4B-00C04F79EFBC}") = "WPF_MEF", "WPF_MEF.csproj", "{B76DFBCF-FD6D-426A-AE3E-AA4B08E343D1}"
EndProject
Project("{9A19103F-16F7-4668-BE54-9A1E7A4F7556}") = "Plugin1", "Plugin1\Plugin1.csproj", "{5C1F8207-0B57-4F6E-9286-3A9CBC4512C0}"
EndProject
Project("{FAE04EC0-301F-11D3-BF4B-00C04F79EFBC}") = "Plugin2", "Plugin2\Plugin2.csproj", "{3529EE0E-6C1F-4709-BD72-D9D78D5473B5}"
EndProject
Project("{FAE04EC0-301F-11D3-BF4B-00C04F79EFBC}") = "MefApp.sdk", "..\MefApp.sdk\MefApp.sdk.csproj", "{16646E65-A6C0-4D6F-AFB8-E538D8EBFBA7}"
EndProject
Global
	GlobalSection(SolutionConfigurationPlatforms) = preSolution
		Debug|Any CPU = Debug|Any CPU
		Release|Any CPU = Release|Any CPU
	EndGlobalSection
	GlobalSection(ProjectConfigurationPlatforms) = postSolution
		{B76DFBCF-FD6D-426A-AE3E-AA4B08E343D1}.Debug|Any CPU.ActiveCfg = Debug|Any CPU
		{B76DFBCF-FD6D-426A-AE3E-AA4B08E343D1}.Debug|Any CPU.Build.0 = Debug|Any CPU
		{B76DFBCF-FD6D-426A-AE3E-AA4B08E343D1}.Release|Any CPU.ActiveCfg = Release|Any CPU
		{B76DFBCF-FD6D-426A-AE3E-AA4B08E343D1}.Release|Any CPU.Build.0 = Release|Any CPU
		{5C1F8207-0B57-4F6E-9286-3A9CBC4512C0}.Debug|Any CPU.ActiveCfg = Debug|Any CPU
		{5C1F8207-0B57-4F6E-9286-3A9CBC4512C0}.Debug|Any CPU.Build.0 = Debug|Any CPU
		{5C1F8207-0B57-4F6E-9286-3A9CBC4512C0}.Release|Any CPU.ActiveCfg = Release|Any CPU
		{5C1F8207-0B57-4F6E-9286-3A9CBC4512C0}.Release|Any CPU.Build.0 = Release|Any CPU
		{3529EE0E-6C1F-4709-BD72-D9D78D5473B5}.Debug|Any CPU.ActiveCfg = Debug|Any CPU
		{3529EE0E-6C1F-4709-BD72-D9D78D5473B5}.Debug|Any CPU.Build.0 = Debug|Any CPU
		{3529EE0E-6C1F-4709-BD72-D9D78D5473B5}.Release|Any CPU.ActiveCfg = Release|Any CPU
		{3529EE0E-6C1F-4709-BD72-D9D78D5473B5}.Release|Any CPU.Build.0 = Release|Any CPU
		{16646E65-A6C0-4D6F-AFB8-E538D8EBFBA7}.Debug|Any CPU.ActiveCfg = Debug|Any CPU
		{16646E65-A6C0-4D6F-AFB8-E538D8EBFBA7}.Debug|Any CPU.Build.0 = Debug|Any CPU
		{16646E65-A6C0-4D6F-AFB8-E538D8EBFBA7}.Release|Any CPU.ActiveCfg = Release|Any CPU
		{16646E65-A6C0-4D6F-AFB8-E538D8EBFBA7}.Release|Any CPU.Build.0 = Release|Any CPU
	EndGlobalSection
	GlobalSection(SolutionProperties) = preSolution
		HideSolutionNode = FALSE
	EndGlobalSection
	GlobalSection(ExtensibilityGlobals) = postSolution
		SolutionGuid = {3A875B32-FA34-4BDF-8B45-B2AA2891DED6}
	EndGlobalSection
EndGlobal
